
Microsoft Visual Studio Solution File, Format Version 12.00
# Visual Studio Version 16
VisualStudioVersion = 16.0.29613.14
MinimumVisualStudioVersion = 10.0.40219.1
Project("{FAE04EC0-301F-11D3-BF4B-00C04F79EFBC}") = "WebApplication", "WebApplication.csproj", "{DB53B2FA-97F3-4EED-8FFE-44C802A6C07F}"
EndProject
Global
	GlobalSection(SolutionConfigurationPlatforms) = preSolution
		Debug|Any CPU = Debug|Any CPU
		Release|Any CPU = Release|Any CPU
	EndGlobalSection
	GlobalSection(ProjectConfigurationPlatforms) = postSolution
		{DB53B2FA-97F3-4EED-8FFE-44C802A6C07F}.Debug|Any CPU.ActiveCfg = Debug|Any CPU
		{DB53B2FA-97F3-4EED-8FFE-44C802A6C07F}.Debug|Any CPU.Build.0 = Debug|Any CPU
		{DB53B2FA-97F3-4EED-8FFE-44C802A6C07F}.Release|Any CPU.ActiveCfg = Release|Any CPU
		{DB53B2FA-97F3-4EED-8FFE-44C802A6C07F}.Release|Any CPU.Build.0 = Release|Any CPU
	EndGlobalSection
	GlobalSection(SolutionProperties) = preSolution
		HideSolutionNode = FALSE
	EndGlobalSection
	GlobalSection(ExtensibilityGlobals) = postSolution
		SolutionGuid = {B98B5B99-EE73-4644-9476-CD98B39F49E9}
	EndGlobalSection
EndGlobal
